// !$*UTF8*$!
{
	archiveVersion = 1;
	classes = {
	};
	objectVersion = 46;
	objects = {

/* Begin PBXBuildFile section */
		04AB69F11D5646C8006F51EA /* main.m in Sources */ = {isa = PBXBuildFile; fileRef = 04AB69F01D5646C8006F51EA /* main.m */; };
		04AB69F41D5646C8006F51EA /* AppDelegate.m in Sources */ = {isa = PBXBuildFile; fileRef = 04AB69F31D5646C8006F51EA /* AppDelegate.m */; };
		04AB6A121D5646DD006F51EA /* airplane.png in Resources */ = {isa = PBXBuildFile; fileRef = 04AB6A061D5646DD006F51EA /* airplane.png */; };
		04AB6A131D5646DD006F51EA /* ant.png in Resources */ = {isa = PBXBuildFile; fileRef = 04AB6A071D5646DD006F51EA /* ant.png */; };
		04AB6A141D5646DD006F51EA /* carrot.png in Resources */ = {isa = PBXBuildFile; fileRef = 04AB6A081D5646DD006F51EA /* carrot.png */; };
		04AB6A151D5646DD006F51EA /* doctor.png in Resources */ = {isa = PBXBuildFile; fileRef = 04AB6A091D5646DD006F51EA /* doctor.png */; };
		04AB6A161D5646DD006F51EA /* dog.png in Resources */ = {isa = PBXBuildFile; fileRef = 04AB6A0A1D5646DD006F51EA /* dog.png */; };
		04AB6A171D5646DD006F51EA /* dress.png in Resources */ = {isa = PBXBuildFile; fileRef = 04AB6A0B1D5646DD006F51EA /* dress.png */; };
		04AB6A181D5646DD006F51EA /* eight.png in Resources */ = {isa = PBXBuildFile; fileRef = 04AB6A0C1D5646DD006F51EA /* eight.png */; };
		04AB6A191D5646DD006F51EA /* flower.png in Resources */ = {isa = PBXBuildFile; fileRef = 04AB6A0D1D5646DD006F51EA /* flower.png */; };
		04AB6A1A1D5646DD006F51EA /* green.png in Resources */ = {isa = PBXBuildFile; fileRef = 04AB6A0E1D5646DD006F51EA /* green.png */; };
		04AB6A1B1D5646DD006F51EA /* milk.png in Resources */ = {isa = PBXBuildFile; fileRef = 04AB6A0F1D5646DD006F51EA /* milk.png */; };
		04AB6A1C1D5646DD006F51EA /* apple.png in Resources */ = {isa = PBXBuildFile; fileRef = 04AB6A101D5646DD006F51EA /* apple.png */; };
		04AB6A1D1D5646DD006F51EA /* workbook.xml in Resources */ = {isa = PBXBuildFile; fileRef = 04AB6A111D5646DD006F51EA /* workbook.xml */; };
		04AB6A211D5646F9006F51EA /* Main.storyboard in Resources */ = {isa = PBXBuildFile; fileRef = 04AB6A1E1D5646F9006F51EA /* Main.storyboard */; };
		04AB6A221D5646F9006F51EA /* Assets.xcassets in Resources */ = {isa = PBXBuildFile; fileRef = 04AB6A1F1D5646F9006F51EA /* Assets.xcassets */; };
		04AB6A231D5646F9006F51EA /* LaunchScreen.storyboard in Resources */ = {isa = PBXBuildFile; fileRef = 04AB6A201D5646F9006F51EA /* LaunchScreen.storyboard */; };
		04AB6A261D56476A006F51EA /* TestPageViewController.m in Sources */ = {isa = PBXBuildFile; fileRef = 04AB6A251D56476A006F51EA /* TestPageViewController.m */; };
		04AB6A291D564790006F51EA /* TestItemViewController.m in Sources */ = {isa = PBXBuildFile; fileRef = 04AB6A281D564790006F51EA /* TestItemViewController.m */; };
		04AB6A2C1D5647C2006F51EA /* ResultViewController.m in Sources */ = {isa = PBXBuildFile; fileRef = 04AB6A2B1D5647C2006F51EA /* ResultViewController.m */; };
		04AB6A2F1D5647EF006F51EA /* ResultCollectionViewCell.m in Sources */ = {isa = PBXBuildFile; fileRef = 04AB6A2E1D5647EF006F51EA /* ResultCollectionViewCell.m */; };
		04AB6A321D564899006F51EA /* QuestionItem.m in Sources */ = {isa = PBXBuildFile; fileRef = 04AB6A311D564899006F51EA /* QuestionItem.m */; };
		04AB6A351D5648D8006F51EA /* VerticallyCenteredTextView.m in Sources */ = {isa = PBXBuildFile; fileRef = 04AB6A341D5648D8006F51EA /* VerticallyCenteredTextView.m */; };
/* End PBXBuildFile section */

/* Begin PBXFileReference section */
		04AB69EC1D5646C8006F51EA /* VocabularyStudyForChild_Objective-C.app */ = {isa = PBXFileReference; explicitFileType = wrapper.application; includeInIndex = 0; path = "VocabularyStudyForChild_Objective-C.app"; sourceTree = BUILT_PRODUCTS_DIR; };
		04AB69F01D5646C8006F51EA /* main.m */ = {isa = PBXFileReference; lastKnownFileType = sourcecode.c.objc; path = main.m; sourceTree = "<group>"; };
		04AB69F21D5646C8006F51EA /* AppDelegate.h */ = {isa = PBXFileReference; lastKnownFileType = sourcecode.c.h; path = AppDelegate.h; sourceTree = "<group>"; };
		04AB69F31D5646C8006F51EA /* AppDelegate.m */ = {isa = PBXFileReference; lastKnownFileType = sourcecode.c.objc; path = AppDelegate.m; sourceTree = "<group>"; };
		04AB6A001D5646C8006F51EA /* Info.plist */ = {isa = PBXFileReference; lastKnownFileType = text.plist.xml; path = Info.plist; sourceTree = "<group>"; };
		04AB6A061D5646DD006F51EA /* airplane.png */ = {isa = PBXFileReference; lastKnownFileType = image.png; path = airplane.png; sourceTree = "<group>"; };
		04AB6A071D5646DD006F51EA /* ant.png */ = {isa = PBXFileReference; lastKnownFileType = image.png; path = ant.png; sourceTree = "<group>"; };
		04AB6A081D5646DD006F51EA /* carrot.png */ = {isa = PBXFileReference; lastKnownFileType = image.png; path = carrot.png; sourceTree = "<group>"; };
		04AB6A091D5646DD006F51EA /* doctor.png */ = {isa = PBXFileReference; lastKnownFileType = image.png; path = doctor.png; sourceTree = "<group>"; };
		04AB6A0A1D5646DD006F51EA /* dog.png */ = {isa = PBXFileReference; lastKnownFileType = image.png; path = dog.png; sourceTree = "<group>"; };
		04AB6A0B1D5646DD006F51EA /* dress.png */ = {isa = PBXFileReference; lastKnownFileType = image.png; path = dress.png; sourceTree = "<group>"; };
		04AB6A0C1D5646DD006F51EA /* eight.png */ = {isa = PBXFileReference; lastKnownFileType = image.png; path = eight.png; sourceTree = "<group>"; };
		04AB6A0D1D5646DD006F51EA /* flower.png */ = {isa = PBXFileReference; lastKnownFileType = image.png; path = flower.png; sourceTree = "<group>"; };
		04AB6A0E1D5646DD006F51EA /* green.png */ = {isa = PBXFileReference; lastKnownFileType = image.png; path = green.png; sourceTree = "<group>"; };
		04AB6A0F1D5646DD006F51EA /* milk.png */ = {isa = PBXFileReference; lastKnownFileType = image.png; path = milk.png; sourceTree = "<group>"; };
		04AB6A101D5646DD006F51EA /* apple.png */ = {isa = PBXFileReference; lastKnownFileType = image.png; path = apple.png; sourceTree = "<group>"; };
		04AB6A111D5646DD006F51EA /* workbook.xml */ = {isa = PBXFileReference; fileEncoding = 4; lastKnownFileType = text.xml; path = workbook.xml; sourceTree = "<group>"; };
		04AB6A1E1D5646F9006F51EA /* Main.storyboard */ = {isa = PBXFileReference; fileEncoding = 4; lastKnownFileType = file.storyboard; path = Main.storyboard; sourceTree = "<group>"; };
		04AB6A1F1D5646F9006F51EA /* Assets.xcassets */ = {isa = PBXFileReference; lastKnownFileType = folder.assetcatalog; path = Assets.xcassets; sourceTree = "<group>"; };
		04AB6A201D5646F9006F51EA /* LaunchScreen.storyboard */ = {isa = PBXFileReference; fileEncoding = 4; lastKnownFileType = file.storyboard; path = LaunchScreen.storyboard; sourceTree = "<group>"; };
		04AB6A241D56476A006F51EA /* TestPageViewController.h */ = {isa = PBXFileReference; fileEncoding = 4; lastKnownFileType = sourcecode.c.h; path = TestPageViewController.h; sourceTree = "<group>"; };
		04AB6A251D56476A006F51EA /* TestPageViewController.m */ = {isa = PBXFileReference; fileEncoding = 4; lastKnownFileType = sourcecode.c.objc; path = TestPageViewController.m; sourceTree = "<group>"; };
		04AB6A271D564790006F51EA /* TestItemViewController.h */ = {isa = PBXFileReference; fileEncoding = 4; lastKnownFileType = sourcecode.c.h; path = TestItemViewController.h; sourceTree = "<group>"; };
		04AB6A281D564790006F51EA /* TestItemViewController.m */ = {isa = PBXFileReference; fileEncoding = 4; lastKnownFileType = sourcecode.c.objc; path = TestItemViewController.m; sourceTree = "<group>"; };
		04AB6A2A1D5647C2006F51EA /* ResultViewController.h */ = {isa = PBXFileReference; fileEncoding = 4; lastKnownFileType = sourcecode.c.h; path = ResultViewController.h; sourceTree = "<group>"; };
		04AB6A2B1D5647C2006F51EA /* ResultViewController.m */ = {isa = PBXFileReference; fileEncoding = 4; lastKnownFileType = sourcecode.c.objc; path = ResultViewController.m; sourceTree = "<group>"; };
		04AB6A2D1D5647EF006F51EA /* ResultCollectionViewCell.h */ = {isa = PBXFileReference; fileEncoding = 4; lastKnownFileType = sourcecode.c.h; path = ResultCollectionViewCell.h; sourceTree = "<group>"; };
		04AB6A2E1D5647EF006F51EA /* ResultCollectionViewCell.m */ = {isa = PBXFileReference; fileEncoding = 4; lastKnownFileType = sourcecode.c.objc; path = ResultCollectionViewCell.m; sourceTree = "<group>"; };
		04AB6A301D564899006F51EA /* QuestionItem.h */ = {isa = PBXFileReference; fileEncoding = 4; lastKnownFileType = sourcecode.c.h; path = QuestionItem.h; sourceTree = "<group>"; };
		04AB6A311D564899006F51EA /* QuestionItem.m */ = {isa = PBXFileReference; fileEncoding = 4; lastKnownFileType = sourcecode.c.objc; path = QuestionItem.m; sourceTree = "<group>"; };
		04AB6A331D5648D8006F51EA /* VerticallyCenteredTextView.h */ = {isa = PBXFileReference; fileEncoding = 4; lastKnownFileType = sourcecode.c.h; path = VerticallyCenteredTextView.h; sourceTree = "<group>"; };
		04AB6A341D5648D8006F51EA /* VerticallyCenteredTextView.m */ = {isa = PBXFileReference; fileEncoding = 4; lastKnownFileType = sourcecode.c.objc; path = VerticallyCenteredTextView.m; sourceTree = "<group>"; };
/* End PBXFileReference section */

/* Begin PBXFrameworksBuildPhase section */
		04AB69E91D5646C8006F51EA /* Frameworks */ = {
			isa = PBXFrameworksBuildPhase;
			buildActionMask = 2147483647;
			files = (
			);
			runOnlyForDeploymentPostprocessing = 0;
		};
/* End PBXFrameworksBuildPhase section */

/* Begin PBXGroup section */
		04AB69E31D5646C8006F51EA = {
			isa = PBXGroup;
			children = (
				04AB69EE1D5646C8006F51EA /* VocabularyStudyForChild_Objective-C */,
				04AB69ED1D5646C8006F51EA /* Products */,
			);
			sourceTree = "<group>";
		};
		04AB69ED1D5646C8006F51EA /* Products */ = {
			isa = PBXGroup;
			children = (
				04AB69EC1D5646C8006F51EA /* VocabularyStudyForChild_Objective-C.app */,
			);
			name = Products;
			sourceTree = "<group>";
		};
		04AB69EE1D5646C8006F51EA /* VocabularyStudyForChild_Objective-C */ = {
			isa = PBXGroup;
			children = (
				04AB6A061D5646DD006F51EA /* airplane.png */,
				04AB6A071D5646DD006F51EA /* ant.png */,
				04AB6A081D5646DD006F51EA /* carrot.png */,
				04AB6A091D5646DD006F51EA /* doctor.png */,
				04AB6A0A1D5646DD006F51EA /* dog.png */,
				04AB6A0B1D5646DD006F51EA /* dress.png */,
				04AB6A0C1D5646DD006F51EA /* eight.png */,
				04AB6A0D1D5646DD006F51EA /* flower.png */,
				04AB6A0E1D5646DD006F51EA /* green.png */,
				04AB6A0F1D5646DD006F51EA /* milk.png */,
				04AB6A101D5646DD006F51EA /* apple.png */,
				04AB6A111D5646DD006F51EA /* workbook.xml */,
				04AB69F21D5646C8006F51EA /* AppDelegate.h */,
				04AB69F31D5646C8006F51EA /* AppDelegate.m */,
				04AB6A301D564899006F51EA /* QuestionItem.h */,
				04AB6A311D564899006F51EA /* QuestionItem.m */,
				04AB6A331D5648D8006F51EA /* VerticallyCenteredTextView.h */,
				04AB6A341D5648D8006F51EA /* VerticallyCenteredTextView.m */,
				04AB6A241D56476A006F51EA /* TestPageViewController.h */,
				04AB6A251D56476A006F51EA /* TestPageViewController.m */,
				04AB6A271D564790006F51EA /* TestItemViewController.h */,
				04AB6A281D564790006F51EA /* TestItemViewController.m */,
				04AB6A2A1D5647C2006F51EA /* ResultViewController.h */,
				04AB6A2B1D5647C2006F51EA /* ResultViewController.m */,
				04AB6A2D1D5647EF006F51EA /* ResultCollectionViewCell.h */,
				04AB6A2E1D5647EF006F51EA /* ResultCollectionViewCell.m */,
				04AB6A1E1D5646F9006F51EA /* Main.storyboard */,
				04AB6A1F1D5646F9006F51EA /* Assets.xcassets */,
				04AB6A201D5646F9006F51EA /* LaunchScreen.storyboard */,
				04AB6A001D5646C8006F51EA /* Info.plist */,
				04AB69EF1D5646C8006F51EA /* Supporting Files */,
			);
			path = "VocabularyStudyForChild_Objective-C";
			sourceTree = "<group>";
		};
		04AB69EF1D5646C8006F51EA /* Supporting Files */ = {
			isa = PBXGroup;
			children = (
				04AB69F01D5646C8006F51EA /* main.m */,
			);
			name = "Supporting Files";
			sourceTree = "<group>";
		};
/* End PBXGroup section */

/* Begin PBXNativeTarget section */
		04AB69EB1D5646C8006F51EA /* VocabularyStudyForChild_Objective-C */ = {
			isa = PBXNativeTarget;
			buildConfigurationList = 04AB6A031D5646C8006F51EA /* Build configuration list for PBXNativeTarget "VocabularyStudyForChild_Objective-C" */;
			buildPhases = (
				04AB69E81D5646C8006F51EA /* Sources */,
				04AB69E91D5646C8006F51EA /* Frameworks */,
				04AB69EA1D5646C8006F51EA /* Resources */,
			);
			buildRules = (
			);
			dependencies = (
			);
			name = "VocabularyStudyForChild_Objective-C";
			productName = "VocabularyStudyForChild_Objective-C";
			productReference = 04AB69EC1D5646C8006F51EA /* VocabularyStudyForChild_Objective-C.app */;
			productType = "com.apple.product-type.application";
		};
/* End PBXNativeTarget section */

/* Begin PBXProject section */
		04AB69E41D5646C8006F51EA /* Project object */ = {
			isa = PBXProject;
			attributes = {
				LastUpgradeCheck = 0730;
				ORGANIZATIONNAME = "Hosung, Lee";
				TargetAttributes = {
					04AB69EB1D5646C8006F51EA = {
						CreatedOnToolsVersion = 7.3.1;
					};
				};
			};
			buildConfigurationList = 04AB69E71D5646C8006F51EA /* Build configuration list for PBXProject "VocabularyStudyForChild_Objective-C" */;
			compatibilityVersion = "Xcode 3.2";
			developmentRegion = English;
			hasScannedForEncodings = 0;
			knownRegions = (
				en,
				Base,
			);
			mainGroup = 04AB69E31D5646C8006F51EA;
			productRefGroup = 04AB69ED1D5646C8006F51EA /* Products */;
			projectDirPath = "";
			projectRoot = "";
			targets = (
				04AB69EB1D5646C8006F51EA /* VocabularyStudyForChild_Objective-C */,
			);
		};
/* End PBXProject section */

/* Begin PBXResourcesBuildPhase section */
		04AB69EA1D5646C8006F51EA /* Resources */ = {
			isa = PBXResourcesBuildPhase;
			buildActionMask = 2147483647;
			files = (
				04AB6A141D5646DD006F51EA /* carrot.png in Resources */,
				04AB6A151D5646DD006F51EA /* doctor.png in Resources */,
				04AB6A191D5646DD006F51EA /* flower.png in Resources */,
				04AB6A231D5646F9006F51EA /* LaunchScreen.storyboard in Resources */,
				04AB6A161D5646DD006F51EA /* dog.png in Resources */,
				04AB6A221D5646F9006F51EA /* Assets.xcassets in Resources */,
				04AB6A131D5646DD006F51EA /* ant.png in Resources */,
				04AB6A1B1D5646DD006F51EA /* milk.png in Resources */,
				04AB6A181D5646DD006F51EA /* eight.png in Resources */,
				04AB6A211D5646F9006F51EA /* Main.storyboard in Resources */,
				04AB6A1D1D5646DD006F51EA /* workbook.xml in Resources */,
				04AB6A1C1D5646DD006F51EA /* apple.png in Resources */,
				04AB6A1A1D5646DD006F51EA /* green.png in Resources */,
				04AB6A171D5646DD006F51EA /* dress.png in Resources */,
				04AB6A121D5646DD006F51EA /* airplane.png in Resources */,
			);
			runOnlyForDeploymentPostprocessing = 0;
		};
/* End PBXResourcesBuildPhase section */

/* Begin PBXSourcesBuildPhase section */
		04AB69E81D5646C8006F51EA /* Sources */ = {
			isa = PBXSourcesBuildPhase;
			buildActionMask = 2147483647;
			files = (
				04AB6A321D564899006F51EA /* QuestionItem.m in Sources */,
				04AB6A291D564790006F51EA /* TestItemViewController.m in Sources */,
				04AB69F41D5646C8006F51EA /* AppDelegate.m in Sources */,
				04AB69F11D5646C8006F51EA /* main.m in Sources */,
				04AB6A261D56476A006F51EA /* TestPageViewController.m in Sources */,
				04AB6A2F1D5647EF006F51EA /* ResultCollectionViewCell.m in Sources */,
				04AB6A2C1D5647C2006F51EA /* ResultViewController.m in Sources */,
				04AB6A351D5648D8006F51EA /* VerticallyCenteredTextView.m in Sources */,
			);
			runOnlyForDeploymentPostprocessing = 0;
		};
/* End PBXSourcesBuildPhase section */

/* Begin XCBuildConfiguration section */
		04AB6A011D5646C8006F51EA /* Debug */ = {
			isa = XCBuildConfiguration;
			buildSettings = {
				ALWAYS_SEARCH_USER_PATHS = NO;
				CLANG_ANALYZER_NONNULL = YES;
				CLANG_CXX_LANGUAGE_STANDARD = "gnu++0x";
				CLANG_CXX_LIBRARY = "libc++";
				CLANG_ENABLE_MODULES = YES;
				CLANG_ENABLE_OBJC_ARC = YES;
				CLANG_WARN_BOOL_CONVERSION = YES;
				CLANG_WARN_CONSTANT_CONVERSION = YES;
				CLANG_WARN_DIRECT_OBJC_ISA_USAGE = YES_ERROR;
				CLANG_WARN_EMPTY_BODY = YES;
				CLANG_WARN_ENUM_CONVERSION = YES;
				CLANG_WARN_INT_CONVERSION = YES;
				CLANG_WARN_OBJC_ROOT_CLASS = YES_ERROR;
				CLANG_WARN_UNREACHABLE_CODE = YES;
				CLANG_WARN__DUPLICATE_METHOD_MATCH = YES;
				"CODE_SIGN_IDENTITY[sdk=iphoneos*]" = "iPhone Developer";
				COPY_PHASE_STRIP = NO;
				DEBUG_INFORMATION_FORMAT = dwarf;
				ENABLE_STRICT_OBJC_MSGSEND = YES;
				ENABLE_TESTABILITY = YES;
				GCC_C_LANGUAGE_STANDARD = gnu99;
				GCC_DYNAMIC_NO_PIC = NO;
				GCC_NO_COMMON_BLOCKS = YES;
				GCC_OPTIMIZATION_LEVEL = 0;
				GCC_PREPROCESSOR_DEFINITIONS = (
					"DEBUG=1",
					"$(inherited)",
				);
				GCC_WARN_64_TO_32_BIT_CONVERSION = YES;
				GCC_WARN_ABOUT_RETURN_TYPE = YES_ERROR;
				GCC_WARN_UNDECLARED_SELECTOR = YES;
				GCC_WARN_UNINITIALIZED_AUTOS = YES_AGGRESSIVE;
				GCC_WARN_UNUSED_FUNCTION = YES;
				GCC_WARN_UNUSED_VARIABLE = YES;
				IPHONEOS_DEPLOYMENT_TARGET = 9.3;
				MTL_ENABLE_DEBUG_INFO = YES;
				ONLY_ACTIVE_ARCH = YES;
				SDKROOT = iphoneos;
				TARGETED_DEVICE_FAMILY = "1,2";
			};
			name = Debug;
		};
		04AB6A021D5646C8006F51EA /* Release */ = {
			isa = XCBuildConfiguration;
			buildSettings = {
				ALWAYS_SEARCH_USER_PATHS = NO;
				CLANG_ANALYZER_NONNULL = YES;
				CLANG_CXX_LANGUAGE_STANDARD = "gnu++0x";
				CLANG_CXX_LIBRARY = "libc++";
				CLANG_ENABLE_MODULES = YES;
				CLANG_ENABLE_OBJC_ARC = YES;
				CLANG_WARN_BOOL_CONVERSION = YES;
				CLANG_WARN_CONSTANT_CONVERSION = YES;
				CLANG_WARN_DIRECT_OBJC_ISA_USAGE = YES_ERROR;
				CLANG_WARN_EMPTY_BODY = YES;
				CLANG_WARN_ENUM_CONVERSION = YES;
				CLANG_WARN_INT_CONVERSION = YES;
				CLANG_WARN_OBJC_ROOT_CLASS = YES_ERROR;
				CLANG_WARN_UNREACHABLE_CODE = YES;
				CLANG_WARN__DUPLICATE_METHOD_MATCH = YES;
				"CODE_SIGN_IDENTITY[sdk=iphoneos*]" = "iPhone Developer";
				COPY_PHASE_STRIP = NO;
				DEBUG_INFORMATION_FORMAT = "dwarf-with-dsym";
				ENABLE_NS_ASSERTIONS = NO;
				ENABLE_STRICT_OBJC_MSGSEND = YES;
				GCC_C_LANGUAGE_STANDARD = gnu99;
				GCC_NO_COMMON_BLOCKS = YES;
				GCC_WARN_64_TO_32_BIT_CONVERSION = YES;
				GCC_WARN_ABOUT_RETURN_TYPE = YES_ERROR;
				GCC_WARN_UNDECLARED_SELECTOR = YES;
				GCC_WARN_UNINITIALIZED_AUTOS = YES_AGGRESSIVE;
				GCC_WARN_UNUSED_FUNCTION = YES;
				GCC_WARN_UNUSED_VARIABLE = YES;
				IPHONEOS_DEPLOYMENT_TARGET = 9.3;
				MTL_ENABLE_DEBUG_INFO = NO;
				SDKROOT = iphoneos;
				TARGETED_DEVICE_FAMILY = "1,2";
				VALIDATE_PRODUCT = YES;
			};
			name = Release;
		};
		04AB6A041D5646C8006F51EA /* Debug */ = {
			isa = XCBuildConfiguration;
			buildSettings = {
				ASSETCATALOG_COMPILER_APPICON_NAME = AppIcon;
				INFOPLIST_FILE = "VocabularyStudyForChild_Objective-C/Info.plist";
				LD_RUNPATH_SEARCH_PATHS = "$(inherited) @executable_path/Frameworks";
				PRODUCT_BUNDLE_IDENTIFIER = "com.hosunglee.VocabularyStudyForChild-Objective-C";
				PRODUCT_NAME = "$(TARGET_NAME)";
			};
			name = Debug;
		};
		04AB6A051D5646C8006F51EA /* Release */ = {
			isa = XCBuildConfiguration;
			buildSettings = {
				ASSETCATALOG_COMPILER_APPICON_NAME = AppIcon;
				INFOPLIST_FILE = "VocabularyStudyForChild_Objective-C/Info.plist";
				LD_RUNPATH_SEARCH_PATHS = "$(inherited) @executable_path/Frameworks";
				PRODUCT_BUNDLE_IDENTIFIER = "com.hosunglee.VocabularyStudyForChild-Objective-C";
				PRODUCT_NAME = "$(TARGET_NAME)";
			};
			name = Release;
		};
/* End XCBuildConfiguration section */

/* Begin XCConfigurationList section */
		04AB69E71D5646C8006F51EA /* Build configuration list for PBXProject "VocabularyStudyForChild_Objective-C" */ = {
			isa = XCConfigurationList;
			buildConfigurations = (
				04AB6A011D5646C8006F51EA /* Debug */,
				04AB6A021D5646C8006F51EA /* Release */,
			);
			defaultConfigurationIsVisible = 0;
			defaultConfigurationName = Release;
		};
		04AB6A031D5646C8006F51EA /* Build configuration list for PBXNativeTarget "VocabularyStudyForChild_Objective-C" */ = {
			isa = XCConfigurationList;
			buildConfigurations = (
				04AB6A041D5646C8006F51EA /* Debug */,
				04AB6A051D5646C8006F51EA /* Release */,
			);
			defaultConfigurationIsVisible = 0;
		};
/* End XCConfigurationList section */
	};
	rootObject = 04AB69E41D5646C8006F51EA /* Project object */;
}
