// !$*UTF8*$!
{
	archiveVersion = 1;
	classes = {
	};
	objectVersion = 46;
	objects = {

/* Begin PBXBuildFile section */
		043F840D1F0BCEE100B91081 /* main.m in Sources */ = {isa = PBXBuildFile; fileRef = 043F840C1F0BCEE100B91081 /* main.m */; };
		043F84101F0BCEE100B91081 /* AppDelegate.m in Sources */ = {isa = PBXBuildFile; fileRef = 043F840F1F0BCEE100B91081 /* AppDelegate.m */; };
		043F84131F0BCEE100B91081 /* ViewController.m in Sources */ = {isa = PBXBuildFile; fileRef = 043F84121F0BCEE100B91081 /* ViewController.m */; };
		043F84161F0BCEE100B91081 /* Main.storyboard in Resources */ = {isa = PBXBuildFile; fileRef = 043F84141F0BCEE100B91081 /* Main.storyboard */; };
		043F84181F0BCEE100B91081 /* Assets.xcassets in Resources */ = {isa = PBXBuildFile; fileRef = 043F84171F0BCEE100B91081 /* Assets.xcassets */; };
		043F841B1F0BCEE200B91081 /* LaunchScreen.storyboard in Resources */ = {isa = PBXBuildFile; fileRef = 043F84191F0BCEE200B91081 /* LaunchScreen.storyboard */; };
		043F84241F0BCFA800B91081 /* airplane.png in Resources */ = {isa = PBXBuildFile; fileRef = 043F84221F0BCFA800B91081 /* airplane.png */; };
		043F84251F0BCFA800B91081 /* ant.png in Resources */ = {isa = PBXBuildFile; fileRef = 043F84231F0BCFA800B91081 /* ant.png */; };
		043F842D1F0BCFB600B91081 /* carrot.png in Resources */ = {isa = PBXBuildFile; fileRef = 043F84261F0BCFB600B91081 /* carrot.png */; };
		043F842E1F0BCFB600B91081 /* doctor.png in Resources */ = {isa = PBXBuildFile; fileRef = 043F84271F0BCFB600B91081 /* doctor.png */; };
		043F842F1F0BCFB600B91081 /* dog.png in Resources */ = {isa = PBXBuildFile; fileRef = 043F84281F0BCFB600B91081 /* dog.png */; };
		043F84301F0BCFB600B91081 /* dress.png in Resources */ = {isa = PBXBuildFile; fileRef = 043F84291F0BCFB600B91081 /* dress.png */; };
		043F84311F0BCFB600B91081 /* eight.png in Resources */ = {isa = PBXBuildFile; fileRef = 043F842A1F0BCFB600B91081 /* eight.png */; };
		043F84321F0BCFB600B91081 /* flower.png in Resources */ = {isa = PBXBuildFile; fileRef = 043F842B1F0BCFB600B91081 /* flower.png */; };
		043F84331F0BCFB600B91081 /* green.png in Resources */ = {isa = PBXBuildFile; fileRef = 043F842C1F0BCFB600B91081 /* green.png */; };
		043F84351F0BCFCB00B91081 /* milk.png in Resources */ = {isa = PBXBuildFile; fileRef = 043F84341F0BCFCB00B91081 /* milk.png */; };
		043F84371F0BD00F00B91081 /* apple.png in Resources */ = {isa = PBXBuildFile; fileRef = 043F84361F0BD00F00B91081 /* apple.png */; };
		043F84441F0BD04000B91081 /* QuestionItem.m in Sources */ = {isa = PBXBuildFile; fileRef = 043F84391F0BD04000B91081 /* QuestionItem.m */; };
		043F84451F0BD04000B91081 /* ResultCollectionViewCell.m in Sources */ = {isa = PBXBuildFile; fileRef = 043F843B1F0BD04000B91081 /* ResultCollectionViewCell.m */; };
		043F84461F0BD04000B91081 /* ResultViewController.m in Sources */ = {isa = PBXBuildFile; fileRef = 043F843D1F0BD04000B91081 /* ResultViewController.m */; };
		043F84471F0BD04000B91081 /* TestItemViewController.m in Sources */ = {isa = PBXBuildFile; fileRef = 043F843F1F0BD04000B91081 /* TestItemViewController.m */; };
		043F84481F0BD04000B91081 /* TestPageViewController.m in Sources */ = {isa = PBXBuildFile; fileRef = 043F84411F0BD04000B91081 /* TestPageViewController.m */; };
		043F84491F0BD04000B91081 /* VerticallyCenteredTextView.m in Sources */ = {isa = PBXBuildFile; fileRef = 043F84431F0BD04000B91081 /* VerticallyCenteredTextView.m */; };
		043F844B1F0BD05200B91081 /* workbook.xml in Resources */ = {isa = PBXBuildFile; fileRef = 043F844A1F0BD05200B91081 /* workbook.xml */; };
/* End PBXBuildFile section */

/* Begin PBXFileReference section */
		043F84081F0BCEE100B91081 /* VocabularyStudyForChild_Objective-C.app */ = {isa = PBXFileReference; explicitFileType = wrapper.application; includeInIndex = 0; path = "VocabularyStudyForChild_Objective-C.app"; sourceTree = BUILT_PRODUCTS_DIR; };
		043F840C1F0BCEE100B91081 /* main.m */ = {isa = PBXFileReference; lastKnownFileType = sourcecode.c.objc; path = main.m; sourceTree = "<group>"; };
		043F840E1F0BCEE100B91081 /* AppDelegate.h */ = {isa = PBXFileReference; lastKnownFileType = sourcecode.c.h; path = AppDelegate.h; sourceTree = "<group>"; };
		043F840F1F0BCEE100B91081 /* AppDelegate.m */ = {isa = PBXFileReference; lastKnownFileType = sourcecode.c.objc; path = AppDelegate.m; sourceTree = "<group>"; };
		043F84111F0BCEE100B91081 /* ViewController.h */ = {isa = PBXFileReference; lastKnownFileType = sourcecode.c.h; path = ViewController.h; sourceTree = "<group>"; };
		043F84121F0BCEE100B91081 /* ViewController.m */ = {isa = PBXFileReference; lastKnownFileType = sourcecode.c.objc; path = ViewController.m; sourceTree = "<group>"; };
		043F84151F0BCEE100B91081 /* Base */ = {isa = PBXFileReference; lastKnownFileType = file.storyboard; name = Base; path = Base.lproj/Main.storyboard; sourceTree = "<group>"; };
		043F84171F0BCEE100B91081 /* Assets.xcassets */ = {isa = PBXFileReference; lastKnownFileType = folder.assetcatalog; path = Assets.xcassets; sourceTree = "<group>"; };
		043F841A1F0BCEE200B91081 /* Base */ = {isa = PBXFileReference; lastKnownFileType = file.storyboard; name = Base; path = Base.lproj/LaunchScreen.storyboard; sourceTree = "<group>"; };
		043F841C1F0BCEE200B91081 /* Info.plist */ = {isa = PBXFileReference; lastKnownFileType = text.plist.xml; path = Info.plist; sourceTree = "<group>"; };
		043F84221F0BCFA800B91081 /* airplane.png */ = {isa = PBXFileReference; lastKnownFileType = image.png; path = airplane.png; sourceTree = "<group>"; };
		043F84231F0BCFA800B91081 /* ant.png */ = {isa = PBXFileReference; lastKnownFileType = image.png; path = ant.png; sourceTree = "<group>"; };
		043F84261F0BCFB600B91081 /* carrot.png */ = {isa = PBXFileReference; lastKnownFileType = image.png; path = carrot.png; sourceTree = "<group>"; };
		043F84271F0BCFB600B91081 /* doctor.png */ = {isa = PBXFileReference; lastKnownFileType = image.png; path = doctor.png; sourceTree = "<group>"; };
		043F84281F0BCFB600B91081 /* dog.png */ = {isa = PBXFileReference; lastKnownFileType = image.png; path = dog.png; sourceTree = "<group>"; };
		043F84291F0BCFB600B91081 /* dress.png */ = {isa = PBXFileReference; lastKnownFileType = image.png; path = dress.png; sourceTree = "<group>"; };
		043F842A1F0BCFB600B91081 /* eight.png */ = {isa = PBXFileReference; lastKnownFileType = image.png; path = eight.png; sourceTree = "<group>"; };
		043F842B1F0BCFB600B91081 /* flower.png */ = {isa = PBXFileReference; lastKnownFileType = image.png; path = flower.png; sourceTree = "<group>"; };
		043F842C1F0BCFB600B91081 /* green.png */ = {isa = PBXFileReference; lastKnownFileType = image.png; path = green.png; sourceTree = "<group>"; };
		043F84341F0BCFCB00B91081 /* milk.png */ = {isa = PBXFileReference; lastKnownFileType = image.png; path = milk.png; sourceTree = "<group>"; };
		043F84361F0BD00F00B91081 /* apple.png */ = {isa = PBXFileReference; lastKnownFileType = image.png; path = apple.png; sourceTree = "<group>"; };
		043F84381F0BD04000B91081 /* QuestionItem.h */ = {isa = PBXFileReference; fileEncoding = 4; lastKnownFileType = sourcecode.c.h; path = QuestionItem.h; sourceTree = "<group>"; };
		043F84391F0BD04000B91081 /* QuestionItem.m */ = {isa = PBXFileReference; fileEncoding = 4; lastKnownFileType = sourcecode.c.objc; path = QuestionItem.m; sourceTree = "<group>"; };
		043F843A1F0BD04000B91081 /* ResultCollectionViewCell.h */ = {isa = PBXFileReference; fileEncoding = 4; lastKnownFileType = sourcecode.c.h; path = ResultCollectionViewCell.h; sourceTree = "<group>"; };
		043F843B1F0BD04000B91081 /* ResultCollectionViewCell.m */ = {isa = PBXFileReference; fileEncoding = 4; lastKnownFileType = sourcecode.c.objc; path = ResultCollectionViewCell.m; sourceTree = "<group>"; };
		043F843C1F0BD04000B91081 /* ResultViewController.h */ = {isa = PBXFileReference; fileEncoding = 4; lastKnownFileType = sourcecode.c.h; path = ResultViewController.h; sourceTree = "<group>"; };
		043F843D1F0BD04000B91081 /* ResultViewController.m */ = {isa = PBXFileReference; fileEncoding = 4; lastKnownFileType = sourcecode.c.objc; path = ResultViewController.m; sourceTree = "<group>"; };
		043F843E1F0BD04000B91081 /* TestItemViewController.h */ = {isa = PBXFileReference; fileEncoding = 4; lastKnownFileType = sourcecode.c.h; path = TestItemViewController.h; sourceTree = "<group>"; };
		043F843F1F0BD04000B91081 /* TestItemViewController.m */ = {isa = PBXFileReference; fileEncoding = 4; lastKnownFileType = sourcecode.c.objc; path = TestItemViewController.m; sourceTree = "<group>"; };
		043F84401F0BD04000B91081 /* TestPageViewController.h */ = {isa = PBXFileReference; fileEncoding = 4; lastKnownFileType = sourcecode.c.h; path = TestPageViewController.h; sourceTree = "<group>"; };
		043F84411F0BD04000B91081 /* TestPageViewController.m */ = {isa = PBXFileReference; fileEncoding = 4; lastKnownFileType = sourcecode.c.objc; path = TestPageViewController.m; sourceTree = "<group>"; };
		043F84421F0BD04000B91081 /* VerticallyCenteredTextView.h */ = {isa = PBXFileReference; fileEncoding = 4; lastKnownFileType = sourcecode.c.h; path = VerticallyCenteredTextView.h; sourceTree = "<group>"; };
		043F84431F0BD04000B91081 /* VerticallyCenteredTextView.m */ = {isa = PBXFileReference; fileEncoding = 4; lastKnownFileType = sourcecode.c.objc; path = VerticallyCenteredTextView.m; sourceTree = "<group>"; };
		043F844A1F0BD05200B91081 /* workbook.xml */ = {isa = PBXFileReference; fileEncoding = 4; lastKnownFileType = text.xml; path = workbook.xml; sourceTree = "<group>"; };
/* End PBXFileReference section */

/* Begin PBXFrameworksBuildPhase section */
		043F84051F0BCEE100B91081 /* Frameworks */ = {
			isa = PBXFrameworksBuildPhase;
			buildActionMask = 2147483647;
			files = (
			);
			runOnlyForDeploymentPostprocessing = 0;
		};
/* End PBXFrameworksBuildPhase section */

/* Begin PBXGroup section */
		043F83FF1F0BCEE100B91081 = {
			isa = PBXGroup;
			children = (
				043F840A1F0BCEE100B91081 /* VocabularyStudyForChild_Objective-C */,
				043F84091F0BCEE100B91081 /* Products */,
			);
			sourceTree = "<group>";
		};
		043F84091F0BCEE100B91081 /* Products */ = {
			isa = PBXGroup;
			children = (
				043F84081F0BCEE100B91081 /* VocabularyStudyForChild_Objective-C.app */,
			);
			name = Products;
			sourceTree = "<group>";
		};
		043F840A1F0BCEE100B91081 /* VocabularyStudyForChild_Objective-C */ = {
			isa = PBXGroup;
			children = (
				043F84361F0BD00F00B91081 /* apple.png */,
				043F84221F0BCFA800B91081 /* airplane.png */,
				043F84231F0BCFA800B91081 /* ant.png */,
				043F84261F0BCFB600B91081 /* carrot.png */,
				043F84271F0BCFB600B91081 /* doctor.png */,
				043F84281F0BCFB600B91081 /* dog.png */,
				043F84291F0BCFB600B91081 /* dress.png */,
				043F842A1F0BCFB600B91081 /* eight.png */,
				043F842B1F0BCFB600B91081 /* flower.png */,
				043F842C1F0BCFB600B91081 /* green.png */,
				043F84341F0BCFCB00B91081 /* milk.png */,
				043F84381F0BD04000B91081 /* QuestionItem.h */,
				043F84391F0BD04000B91081 /* QuestionItem.m */,
				043F843A1F0BD04000B91081 /* ResultCollectionViewCell.h */,
				043F843B1F0BD04000B91081 /* ResultCollectionViewCell.m */,
				043F843C1F0BD04000B91081 /* ResultViewController.h */,
				043F843D1F0BD04000B91081 /* ResultViewController.m */,
				043F843E1F0BD04000B91081 /* TestItemViewController.h */,
				043F843F1F0BD04000B91081 /* TestItemViewController.m */,
				043F84401F0BD04000B91081 /* TestPageViewController.h */,
				043F84411F0BD04000B91081 /* TestPageViewController.m */,
				043F84421F0BD04000B91081 /* VerticallyCenteredTextView.h */,
				043F84431F0BD04000B91081 /* VerticallyCenteredTextView.m */,
				043F840E1F0BCEE100B91081 /* AppDelegate.h */,
				043F840F1F0BCEE100B91081 /* AppDelegate.m */,
				043F84111F0BCEE100B91081 /* ViewController.h */,
				043F84121F0BCEE100B91081 /* ViewController.m */,
				043F84141F0BCEE100B91081 /* Main.storyboard */,
				043F844A1F0BD05200B91081 /* workbook.xml */,
				043F84171F0BCEE100B91081 /* Assets.xcassets */,
				043F84191F0BCEE200B91081 /* LaunchScreen.storyboard */,
				043F841C1F0BCEE200B91081 /* Info.plist */,
				043F840B1F0BCEE100B91081 /* Supporting Files */,
			);
			path = "VocabularyStudyForChild_Objective-C";
			sourceTree = "<group>";
		};
		043F840B1F0BCEE100B91081 /* Supporting Files */ = {
			isa = PBXGroup;
			children = (
				043F840C1F0BCEE100B91081 /* main.m */,
			);
			name = "Supporting Files";
			sourceTree = "<group>";
		};
/* End PBXGroup section */

/* Begin PBXNativeTarget section */
		043F84071F0BCEE100B91081 /* VocabularyStudyForChild_Objective-C */ = {
			isa = PBXNativeTarget;
			buildConfigurationList = 043F841F1F0BCEE200B91081 /* Build configuration list for PBXNativeTarget "VocabularyStudyForChild_Objective-C" */;
			buildPhases = (
				043F84041F0BCEE100B91081 /* Sources */,
				043F84051F0BCEE100B91081 /* Frameworks */,
				043F84061F0BCEE100B91081 /* Resources */,
			);
			buildRules = (
			);
			dependencies = (
			);
			name = "VocabularyStudyForChild_Objective-C";
			productName = "VocabularyStudyForChild_Objective-C";
			productReference = 043F84081F0BCEE100B91081 /* VocabularyStudyForChild_Objective-C.app */;
			productType = "com.apple.product-type.application";
		};
/* End PBXNativeTarget section */

/* Begin PBXProject section */
		043F84001F0BCEE100B91081 /* Project object */ = {
			isa = PBXProject;
			attributes = {
				LastUpgradeCheck = 0830;
				ORGANIZATIONNAME = hosung;
				TargetAttributes = {
					043F84071F0BCEE100B91081 = {
						CreatedOnToolsVersion = 8.3.3;
						ProvisioningStyle = Automatic;
					};
				};
			};
			buildConfigurationList = 043F84031F0BCEE100B91081 /* Build configuration list for PBXProject "VocabularyStudyForChild_Objective-C" */;
			compatibilityVersion = "Xcode 3.2";
			developmentRegion = English;
			hasScannedForEncodings = 0;
			knownRegions = (
				en,
				Base,
			);
			mainGroup = 043F83FF1F0BCEE100B91081;
			productRefGroup = 043F84091F0BCEE100B91081 /* Products */;
			projectDirPath = "";
			projectRoot = "";
			targets = (
				043F84071F0BCEE100B91081 /* VocabularyStudyForChild_Objective-C */,
			);
		};
/* End PBXProject section */

/* Begin PBXResourcesBuildPhase section */
		043F84061F0BCEE100B91081 /* Resources */ = {
			isa = PBXResourcesBuildPhase;
			buildActionMask = 2147483647;
			files = (
				043F841B1F0BCEE200B91081 /* LaunchScreen.storyboard in Resources */,
				043F84181F0BCEE100B91081 /* Assets.xcassets in Resources */,
				043F842D1F0BCFB600B91081 /* carrot.png in Resources */,
				043F842E1F0BCFB600B91081 /* doctor.png in Resources */,
				043F84321F0BCFB600B91081 /* flower.png in Resources */,
				043F842F1F0BCFB600B91081 /* dog.png in Resources */,
				043F84251F0BCFA800B91081 /* ant.png in Resources */,
				043F84351F0BCFCB00B91081 /* milk.png in Resources */,
				043F84161F0BCEE100B91081 /* Main.storyboard in Resources */,
				043F84311F0BCFB600B91081 /* eight.png in Resources */,
				043F844B1F0BD05200B91081 /* workbook.xml in Resources */,
				043F84371F0BD00F00B91081 /* apple.png in Resources */,
				043F84331F0BCFB600B91081 /* green.png in Resources */,
				043F84301F0BCFB600B91081 /* dress.png in Resources */,
				043F84241F0BCFA800B91081 /* airplane.png in Resources */,
			);
			runOnlyForDeploymentPostprocessing = 0;
		};
/* End PBXResourcesBuildPhase section */

/* Begin PBXSourcesBuildPhase section */
		043F84041F0BCEE100B91081 /* Sources */ = {
			isa = PBXSourcesBuildPhase;
			buildActionMask = 2147483647;
			files = (
				043F84441F0BD04000B91081 /* QuestionItem.m in Sources */,
				043F84471F0BD04000B91081 /* TestItemViewController.m in Sources */,
				043F84131F0BCEE100B91081 /* ViewController.m in Sources */,
				043F84451F0BD04000B91081 /* ResultCollectionViewCell.m in Sources */,
				043F84101F0BCEE100B91081 /* AppDelegate.m in Sources */,
				043F840D1F0BCEE100B91081 /* main.m in Sources */,
				043F84461F0BD04000B91081 /* ResultViewController.m in Sources */,
				043F84481F0BD04000B91081 /* TestPageViewController.m in Sources */,
				043F84491F0BD04000B91081 /* VerticallyCenteredTextView.m in Sources */,
			);
			runOnlyForDeploymentPostprocessing = 0;
		};
/* End PBXSourcesBuildPhase section */

/* Begin PBXVariantGroup section */
		043F84141F0BCEE100B91081 /* Main.storyboard */ = {
			isa = PBXVariantGroup;
			children = (
				043F84151F0BCEE100B91081 /* Base */,
			);
			name = Main.storyboard;
			sourceTree = "<group>";
		};
		043F84191F0BCEE200B91081 /* LaunchScreen.storyboard */ = {
			isa = PBXVariantGroup;
			children = (
				043F841A1F0BCEE200B91081 /* Base */,
			);
			name = LaunchScreen.storyboard;
			sourceTree = "<group>";
		};
/* End PBXVariantGroup section */

/* Begin XCBuildConfiguration section */
		043F841D1F0BCEE200B91081 /* Debug */ = {
			isa = XCBuildConfiguration;
			buildSettings = {
				ALWAYS_SEARCH_USER_PATHS = NO;
				CLANG_ANALYZER_NONNULL = YES;
				CLANG_ANALYZER_NUMBER_OBJECT_CONVERSION = YES_AGGRESSIVE;
				CLANG_CXX_LANGUAGE_STANDARD = "gnu++0x";
				CLANG_CXX_LIBRARY = "libc++";
				CLANG_ENABLE_MODULES = YES;
				CLANG_ENABLE_OBJC_ARC = YES;
				CLANG_WARN_BOOL_CONVERSION = YES;
				CLANG_WARN_CONSTANT_CONVERSION = YES;
				CLANG_WARN_DIRECT_OBJC_ISA_USAGE = YES_ERROR;
				CLANG_WARN_DOCUMENTATION_COMMENTS = YES;
				CLANG_WARN_EMPTY_BODY = YES;
				CLANG_WARN_ENUM_CONVERSION = YES;
				CLANG_WARN_INFINITE_RECURSION = YES;
				CLANG_WARN_INT_CONVERSION = YES;
				CLANG_WARN_OBJC_ROOT_CLASS = YES_ERROR;
				CLANG_WARN_SUSPICIOUS_MOVE = YES;
				CLANG_WARN_UNREACHABLE_CODE = YES;
				CLANG_WARN__DUPLICATE_METHOD_MATCH = YES;
				"CODE_SIGN_IDENTITY[sdk=iphoneos*]" = "iPhone Developer";
				COPY_PHASE_STRIP = NO;
				DEBUG_INFORMATION_FORMAT = dwarf;
				ENABLE_STRICT_OBJC_MSGSEND = YES;
				ENABLE_TESTABILITY = YES;
				GCC_C_LANGUAGE_STANDARD = gnu99;
				GCC_DYNAMIC_NO_PIC = NO;
				GCC_NO_COMMON_BLOCKS = YES;
				GCC_OPTIMIZATION_LEVEL = 0;
				GCC_PREPROCESSOR_DEFINITIONS = (
					"DEBUG=1",
					"$(inherited)",
				);
				GCC_WARN_64_TO_32_BIT_CONVERSION = YES;
				GCC_WARN_ABOUT_RETURN_TYPE = YES_ERROR;
				GCC_WARN_UNDECLARED_SELECTOR = YES;
				GCC_WARN_UNINITIALIZED_AUTOS = YES_AGGRESSIVE;
				GCC_WARN_UNUSED_FUNCTION = YES;
				GCC_WARN_UNUSED_VARIABLE = YES;
				IPHONEOS_DEPLOYMENT_TARGET = 10.3;
				MTL_ENABLE_DEBUG_INFO = YES;
				ONLY_ACTIVE_ARCH = YES;
				SDKROOT = iphoneos;
				TARGETED_DEVICE_FAMILY = "1,2";
			};
			name = Debug;
		};
		043F841E1F0BCEE200B91081 /* Release */ = {
			isa = XCBuildConfiguration;
			buildSettings = {
				ALWAYS_SEARCH_USER_PATHS = NO;
				CLANG_ANALYZER_NONNULL = YES;
				CLANG_ANALYZER_NUMBER_OBJECT_CONVERSION = YES_AGGRESSIVE;
				CLANG_CXX_LANGUAGE_STANDARD = "gnu++0x";
				CLANG_CXX_LIBRARY = "libc++";
				CLANG_ENABLE_MODULES = YES;
				CLANG_ENABLE_OBJC_ARC = YES;
				CLANG_WARN_BOOL_CONVERSION = YES;
				CLANG_WARN_CONSTANT_CONVERSION = YES;
				CLANG_WARN_DIRECT_OBJC_ISA_USAGE = YES_ERROR;
				CLANG_WARN_DOCUMENTATION_COMMENTS = YES;
				CLANG_WARN_EMPTY_BODY = YES;
				CLANG_WARN_ENUM_CONVERSION = YES;
				CLANG_WARN_INFINITE_RECURSION = YES;
				CLANG_WARN_INT_CONVERSION = YES;
				CLANG_WARN_OBJC_ROOT_CLASS = YES_ERROR;
				CLANG_WARN_SUSPICIOUS_MOVE = YES;
				CLANG_WARN_UNREACHABLE_CODE = YES;
				CLANG_WARN__DUPLICATE_METHOD_MATCH = YES;
				"CODE_SIGN_IDENTITY[sdk=iphoneos*]" = "iPhone Developer";
				COPY_PHASE_STRIP = NO;
				DEBUG_INFORMATION_FORMAT = "dwarf-with-dsym";
				ENABLE_NS_ASSERTIONS = NO;
				ENABLE_STRICT_OBJC_MSGSEND = YES;
				GCC_C_LANGUAGE_STANDARD = gnu99;
				GCC_NO_COMMON_BLOCKS = YES;
				GCC_WARN_64_TO_32_BIT_CONVERSION = YES;
				GCC_WARN_ABOUT_RETURN_TYPE = YES_ERROR;
				GCC_WARN_UNDECLARED_SELECTOR = YES;
				GCC_WARN_UNINITIALIZED_AUTOS = YES_AGGRESSIVE;
				GCC_WARN_UNUSED_FUNCTION = YES;
				GCC_WARN_UNUSED_VARIABLE = YES;
				IPHONEOS_DEPLOYMENT_TARGET = 10.3;
				MTL_ENABLE_DEBUG_INFO = NO;
				SDKROOT = iphoneos;
				TARGETED_DEVICE_FAMILY = "1,2";
				VALIDATE_PRODUCT = YES;
			};
			name = Release;
		};
		043F84201F0BCEE200B91081 /* Debug */ = {
			isa = XCBuildConfiguration;
			buildSettings = {
				ASSETCATALOG_COMPILER_APPICON_NAME = AppIcon;
				INFOPLIST_FILE = "VocabularyStudyForChild_Objective-C/Info.plist";
				LD_RUNPATH_SEARCH_PATHS = "$(inherited) @executable_path/Frameworks";
				PRODUCT_BUNDLE_IDENTIFIER = "com.hosung.VocabularyStudyForChild-Objective-C";
				PRODUCT_NAME = "$(TARGET_NAME)";
			};
			name = Debug;
		};
		043F84211F0BCEE200B91081 /* Release */ = {
			isa = XCBuildConfiguration;
			buildSettings = {
				ASSETCATALOG_COMPILER_APPICON_NAME = AppIcon;
				INFOPLIST_FILE = "VocabularyStudyForChild_Objective-C/Info.plist";
				LD_RUNPATH_SEARCH_PATHS = "$(inherited) @executable_path/Frameworks";
				PRODUCT_BUNDLE_IDENTIFIER = "com.hosung.VocabularyStudyForChild-Objective-C";
				PRODUCT_NAME = "$(TARGET_NAME)";
			};
			name = Release;
		};
/* End XCBuildConfiguration section */

/* Begin XCConfigurationList section */
		043F84031F0BCEE100B91081 /* Build configuration list for PBXProject "VocabularyStudyForChild_Objective-C" */ = {
			isa = XCConfigurationList;
			buildConfigurations = (
				043F841D1F0BCEE200B91081 /* Debug */,
				043F841E1F0BCEE200B91081 /* Release */,
			);
			defaultConfigurationIsVisible = 0;
			defaultConfigurationName = Release;
		};
		043F841F1F0BCEE200B91081 /* Build configuration list for PBXNativeTarget "VocabularyStudyForChild_Objective-C" */ = {
			isa = XCConfigurationList;
			buildConfigurations = (
				043F84201F0BCEE200B91081 /* Debug */,
				043F84211F0BCEE200B91081 /* Release */,
			);
			defaultConfigurationIsVisible = 0;
		};
/* End XCConfigurationList section */
	};
	rootObject = 043F84001F0BCEE100B91081 /* Project object */;
}
